// !$*UTF8*$!
{
	archiveVersion = 1;
	classes = {
	};
	objectVersion = 50;
	objects = {

/* Begin PBXBuildFile section */
		073A20E6288853AF00FAF3B0 /* ToDoTableTableViewController.swift in Sources */ = {isa = PBXBuildFile; fileRef = 073A20E5288853AF00FAF3B0 /* ToDoTableTableViewController.swift */; };
		073A20E82888571600FAF3B0 /* ToDo.swift in Sources */ = {isa = PBXBuildFile; fileRef = 073A20E72888571600FAF3B0 /* ToDo.swift */; };
		073A20EA28887E9600FAF3B0 /* AddToDoViewController.swift in Sources */ = {isa = PBXBuildFile; fileRef = 073A20E928887E9600FAF3B0 /* AddToDoViewController.swift */; };
		073A20EC2888859600FAF3B0 /* CompleteToDoViewController.swift in Sources */ = {isa = PBXBuildFile; fileRef = 073A20EB2888859600FAF3B0 /* CompleteToDoViewController.swift */; };
		07E6E3B42887351E0046A495 /* AppDelegate.swift in Sources */ = {isa = PBXBuildFile; fileRef = 07E6E3B32887351E0046A495 /* AppDelegate.swift */; };
		07E6E3B62887351E0046A495 /* SceneDelegate.swift in Sources */ = {isa = PBXBuildFile; fileRef = 07E6E3B52887351E0046A495 /* SceneDelegate.swift */; };
		07E6E3B82887351E0046A495 /* ViewController.swift in Sources */ = {isa = PBXBuildFile; fileRef = 07E6E3B72887351E0046A495 /* ViewController.swift */; };
		07E6E3BB2887351E0046A495 /* Main.storyboard in Resources */ = {isa = PBXBuildFile; fileRef = 07E6E3B92887351E0046A495 /* Main.storyboard */; };
		07E6E3BE2887351E0046A495 /* KWK_Final_Project.xcdatamodeld in Sources */ = {isa = PBXBuildFile; fileRef = 07E6E3BC2887351E0046A495 /* KWK_Final_Project.xcdatamodeld */; };
		07E6E3C02887351F0046A495 /* Assets.xcassets in Resources */ = {isa = PBXBuildFile; fileRef = 07E6E3BF2887351F0046A495 /* Assets.xcassets */; };
		07E6E3C32887351F0046A495 /* LaunchScreen.storyboard in Resources */ = {isa = PBXBuildFile; fileRef = 07E6E3C12887351F0046A495 /* LaunchScreen.storyboard */; };
		07E6E3CE2887351F0046A495 /* KWK_Final_ProjectTests.swift in Sources */ = {isa = PBXBuildFile; fileRef = 07E6E3CD2887351F0046A495 /* KWK_Final_ProjectTests.swift */; };
		07E6E3D92887351F0046A495 /* KWK_Final_ProjectUITests.swift in Sources */ = {isa = PBXBuildFile; fileRef = 07E6E3D82887351F0046A495 /* KWK_Final_ProjectUITests.swift */; };
/* End PBXBuildFile section */

/* Begin PBXContainerItemProxy section */
		07E6E3CA2887351F0046A495 /* PBXContainerItemProxy */ = {
			isa = PBXContainerItemProxy;
			containerPortal = 07E6E3A82887351E0046A495 /* Project object */;
			proxyType = 1;
			remoteGlobalIDString = 07E6E3AF2887351E0046A495;
			remoteInfo = "KWK Final Project";
		};
		07E6E3D52887351F0046A495 /* PBXContainerItemProxy */ = {
			isa = PBXContainerItemProxy;
			containerPortal = 07E6E3A82887351E0046A495 /* Project object */;
			proxyType = 1;
			remoteGlobalIDString = 07E6E3AF2887351E0046A495;
			remoteInfo = "KWK Final Project";
		};
/* End PBXContainerItemProxy section */

/* Begin PBXFileReference section */
		073A20E5288853AF00FAF3B0 /* ToDoTableTableViewController.swift */ = {isa = PBXFileReference; lastKnownFileType = sourcecode.swift; path = ToDoTableTableViewController.swift; sourceTree = "<group>"; };
		073A20E72888571600FAF3B0 /* ToDo.swift */ = {isa = PBXFileReference; lastKnownFileType = sourcecode.swift; path = ToDo.swift; sourceTree = "<group>"; };
		073A20E928887E9600FAF3B0 /* AddToDoViewController.swift */ = {isa = PBXFileReference; lastKnownFileType = sourcecode.swift; path = AddToDoViewController.swift; sourceTree = "<group>"; };
		073A20EB2888859600FAF3B0 /* CompleteToDoViewController.swift */ = {isa = PBXFileReference; lastKnownFileType = sourcecode.swift; path = CompleteToDoViewController.swift; sourceTree = "<group>"; };
		07E6E3B02887351E0046A495 /* KWK Final Project.app */ = {isa = PBXFileReference; explicitFileType = wrapper.application; includeInIndex = 0; path = "KWK Final Project.app"; sourceTree = BUILT_PRODUCTS_DIR; };
		07E6E3B32887351E0046A495 /* AppDelegate.swift */ = {isa = PBXFileReference; lastKnownFileType = sourcecode.swift; path = AppDelegate.swift; sourceTree = "<group>"; };
		07E6E3B52887351E0046A495 /* SceneDelegate.swift */ = {isa = PBXFileReference; lastKnownFileType = sourcecode.swift; path = SceneDelegate.swift; sourceTree = "<group>"; };
		07E6E3B72887351E0046A495 /* ViewController.swift */ = {isa = PBXFileReference; lastKnownFileType = sourcecode.swift; path = ViewController.swift; sourceTree = "<group>"; };
		07E6E3BA2887351E0046A495 /* Base */ = {isa = PBXFileReference; lastKnownFileType = file.storyboard; name = Base; path = Base.lproj/Main.storyboard; sourceTree = "<group>"; };
		07E6E3BD2887351E0046A495 /* KWK_Final_Project.xcdatamodel */ = {isa = PBXFileReference; lastKnownFileType = wrapper.xcdatamodel; path = KWK_Final_Project.xcdatamodel; sourceTree = "<group>"; };
		07E6E3BF2887351F0046A495 /* Assets.xcassets */ = {isa = PBXFileReference; lastKnownFileType = folder.assetcatalog; path = Assets.xcassets; sourceTree = "<group>"; };
		07E6E3C22887351F0046A495 /* Base */ = {isa = PBXFileReference; lastKnownFileType = file.storyboard; name = Base; path = Base.lproj/LaunchScreen.storyboard; sourceTree = "<group>"; };
		07E6E3C42887351F0046A495 /* Info.plist */ = {isa = PBXFileReference; lastKnownFileType = text.plist.xml; path = Info.plist; sourceTree = "<group>"; };
		07E6E3C92887351F0046A495 /* KWK Final ProjectTests.xctest */ = {isa = PBXFileReference; explicitFileType = wrapper.cfbundle; includeInIndex = 0; path = "KWK Final ProjectTests.xctest"; sourceTree = BUILT_PRODUCTS_DIR; };
		07E6E3CD2887351F0046A495 /* KWK_Final_ProjectTests.swift */ = {isa = PBXFileReference; lastKnownFileType = sourcecode.swift; path = KWK_Final_ProjectTests.swift; sourceTree = "<group>"; };
		07E6E3CF2887351F0046A495 /* Info.plist */ = {isa = PBXFileReference; lastKnownFileType = text.plist.xml; path = Info.plist; sourceTree = "<group>"; };
		07E6E3D42887351F0046A495 /* KWK Final ProjectUITests.xctest */ = {isa = PBXFileReference; explicitFileType = wrapper.cfbundle; includeInIndex = 0; path = "KWK Final ProjectUITests.xctest"; sourceTree = BUILT_PRODUCTS_DIR; };
		07E6E3D82887351F0046A495 /* KWK_Final_ProjectUITests.swift */ = {isa = PBXFileReference; lastKnownFileType = sourcecode.swift; path = KWK_Final_ProjectUITests.swift; sourceTree = "<group>"; };
		07E6E3DA2887351F0046A495 /* Info.plist */ = {isa = PBXFileReference; lastKnownFileType = text.plist.xml; path = Info.plist; sourceTree = "<group>"; };
/* End PBXFileReference section */

/* Begin PBXFrameworksBuildPhase section */
		07E6E3AD2887351E0046A495 /* Frameworks */ = {
			isa = PBXFrameworksBuildPhase;
			buildActionMask = 2147483647;
			files = (
			);
			runOnlyForDeploymentPostprocessing = 0;
		};
		07E6E3C62887351F0046A495 /* Frameworks */ = {
			isa = PBXFrameworksBuildPhase;
			buildActionMask = 2147483647;
			files = (
			);
			runOnlyForDeploymentPostprocessing = 0;
		};
		07E6E3D12887351F0046A495 /* Frameworks */ = {
			isa = PBXFrameworksBuildPhase;
			buildActionMask = 2147483647;
			files = (
			);
			runOnlyForDeploymentPostprocessing = 0;
		};
/* End PBXFrameworksBuildPhase section */

/* Begin PBXGroup section */
		07E6E3A72887351E0046A495 = {
			isa = PBXGroup;
			children = (
				073A20EB2888859600FAF3B0 /* CompleteToDoViewController.swift */,
				073A20E928887E9600FAF3B0 /* AddToDoViewController.swift */,
				07E6E3B22887351E0046A495 /* KWK Final Project */,
				07E6E3CC2887351F0046A495 /* KWK Final ProjectTests */,
				07E6E3D72887351F0046A495 /* KWK Final ProjectUITests */,
				07E6E3B12887351E0046A495 /* Products */,
			);
			sourceTree = "<group>";
		};
		07E6E3B12887351E0046A495 /* Products */ = {
			isa = PBXGroup;
			children = (
				07E6E3B02887351E0046A495 /* KWK Final Project.app */,
				07E6E3C92887351F0046A495 /* KWK Final ProjectTests.xctest */,
				07E6E3D42887351F0046A495 /* KWK Final ProjectUITests.xctest */,
			);
			name = Products;
			sourceTree = "<group>";
		};
		07E6E3B22887351E0046A495 /* KWK Final Project */ = {
			isa = PBXGroup;
			children = (
				07E6E3B32887351E0046A495 /* AppDelegate.swift */,
				07E6E3B52887351E0046A495 /* SceneDelegate.swift */,
				07E6E3B72887351E0046A495 /* ViewController.swift */,
				07E6E3B92887351E0046A495 /* Main.storyboard */,
				073A20E72888571600FAF3B0 /* ToDo.swift */,
				073A20E5288853AF00FAF3B0 /* ToDoTableTableViewController.swift */,
				07E6E3BF2887351F0046A495 /* Assets.xcassets */,
				07E6E3C12887351F0046A495 /* LaunchScreen.storyboard */,
				07E6E3C42887351F0046A495 /* Info.plist */,
				07E6E3BC2887351E0046A495 /* KWK_Final_Project.xcdatamodeld */,
			);
			path = "KWK Final Project";
			sourceTree = "<group>";
		};
		07E6E3CC2887351F0046A495 /* KWK Final ProjectTests */ = {
			isa = PBXGroup;
			children = (
				07E6E3CD2887351F0046A495 /* KWK_Final_ProjectTests.swift */,
				07E6E3CF2887351F0046A495 /* Info.plist */,
			);
			path = "KWK Final ProjectTests";
			sourceTree = "<group>";
		};
		07E6E3D72887351F0046A495 /* KWK Final ProjectUITests */ = {
			isa = PBXGroup;
			children = (
				07E6E3D82887351F0046A495 /* KWK_Final_ProjectUITests.swift */,
				07E6E3DA2887351F0046A495 /* Info.plist */,
			);
			path = "KWK Final ProjectUITests";
			sourceTree = "<group>";
		};
/* End PBXGroup section */

/* Begin PBXNativeTarget section */
		07E6E3AF2887351E0046A495 /* KWK Final Project */ = {
			isa = PBXNativeTarget;
			buildConfigurationList = 07E6E3DD2887351F0046A495 /* Build configuration list for PBXNativeTarget "KWK Final Project" */;
			buildPhases = (
				07E6E3AC2887351E0046A495 /* Sources */,
				07E6E3AD2887351E0046A495 /* Frameworks */,
				07E6E3AE2887351E0046A495 /* Resources */,
			);
			buildRules = (
			);
			dependencies = (
			);
			name = "KWK Final Project";
			productName = "KWK Final Project";
			productReference = 07E6E3B02887351E0046A495 /* KWK Final Project.app */;
			productType = "com.apple.product-type.application";
		};
		07E6E3C82887351F0046A495 /* KWK Final ProjectTests */ = {
			isa = PBXNativeTarget;
			buildConfigurationList = 07E6E3E02887351F0046A495 /* Build configuration list for PBXNativeTarget "KWK Final ProjectTests" */;
			buildPhases = (
				07E6E3C52887351F0046A495 /* Sources */,
				07E6E3C62887351F0046A495 /* Frameworks */,
				07E6E3C72887351F0046A495 /* Resources */,
			);
			buildRules = (
			);
			dependencies = (
				07E6E3CB2887351F0046A495 /* PBXTargetDependency */,
			);
			name = "KWK Final ProjectTests";
			productName = "KWK Final ProjectTests";
			productReference = 07E6E3C92887351F0046A495 /* KWK Final ProjectTests.xctest */;
			productType = "com.apple.product-type.bundle.unit-test";
		};
		07E6E3D32887351F0046A495 /* KWK Final ProjectUITests */ = {
			isa = PBXNativeTarget;
			buildConfigurationList = 07E6E3E32887351F0046A495 /* Build configuration list for PBXNativeTarget "KWK Final ProjectUITests" */;
			buildPhases = (
				07E6E3D02887351F0046A495 /* Sources */,
				07E6E3D12887351F0046A495 /* Frameworks */,
				07E6E3D22887351F0046A495 /* Resources */,
			);
			buildRules = (
			);
			dependencies = (
				07E6E3D62887351F0046A495 /* PBXTargetDependency */,
			);
			name = "KWK Final ProjectUITests";
			productName = "KWK Final ProjectUITests";
			productReference = 07E6E3D42887351F0046A495 /* KWK Final ProjectUITests.xctest */;
			productType = "com.apple.product-type.bundle.ui-testing";
		};
/* End PBXNativeTarget section */

/* Begin PBXProject section */
		07E6E3A82887351E0046A495 /* Project object */ = {
			isa = PBXProject;
			attributes = {
				LastSwiftUpdateCheck = 1250;
				LastUpgradeCheck = 1250;
				TargetAttributes = {
					07E6E3AF2887351E0046A495 = {
						CreatedOnToolsVersion = 12.5.1;
					};
					07E6E3C82887351F0046A495 = {
						CreatedOnToolsVersion = 12.5.1;
						TestTargetID = 07E6E3AF2887351E0046A495;
					};
					07E6E3D32887351F0046A495 = {
						CreatedOnToolsVersion = 12.5.1;
						TestTargetID = 07E6E3AF2887351E0046A495;
					};
				};
			};
			buildConfigurationList = 07E6E3AB2887351E0046A495 /* Build configuration list for PBXProject "KWK Final Project" */;
			compatibilityVersion = "Xcode 9.3";
			developmentRegion = en;
			hasScannedForEncodings = 0;
			knownRegions = (
				en,
				Base,
			);
			mainGroup = 07E6E3A72887351E0046A495;
			productRefGroup = 07E6E3B12887351E0046A495 /* Products */;
			projectDirPath = "";
			projectRoot = "";
			targets = (
				07E6E3AF2887351E0046A495 /* KWK Final Project */,
				07E6E3C82887351F0046A495 /* KWK Final ProjectTests */,
				07E6E3D32887351F0046A495 /* KWK Final ProjectUITests */,
			);
		};
/* End PBXProject section */

/* Begin PBXResourcesBuildPhase section */
		07E6E3AE2887351E0046A495 /* Resources */ = {
			isa = PBXResourcesBuildPhase;
			buildActionMask = 2147483647;
			files = (
				07E6E3C32887351F0046A495 /* LaunchScreen.storyboard in Resources */,
				07E6E3C02887351F0046A495 /* Assets.xcassets in Resources */,
				07E6E3BB2887351E0046A495 /* Main.storyboard in Resources */,
			);
			runOnlyForDeploymentPostprocessing = 0;
		};
		07E6E3C72887351F0046A495 /* Resources */ = {
			isa = PBXResourcesBuildPhase;
			buildActionMask = 2147483647;
			files = (
			);
			runOnlyForDeploymentPostprocessing = 0;
		};
		07E6E3D22887351F0046A495 /* Resources */ = {
			isa = PBXResourcesBuildPhase;
			buildActionMask = 2147483647;
			files = (
			);
			runOnlyForDeploymentPostprocessing = 0;
		};
/* End PBXResourcesBuildPhase section */

/* Begin PBXSourcesBuildPhase section */
		07E6E3AC2887351E0046A495 /* Sources */ = {
			isa = PBXSourcesBuildPhase;
			buildActionMask = 2147483647;
			files = (
				07E6E3B82887351E0046A495 /* ViewController.swift in Sources */,
				07E6E3B42887351E0046A495 /* AppDelegate.swift in Sources */,
				073A20EC2888859600FAF3B0 /* CompleteToDoViewController.swift in Sources */,
				07E6E3BE2887351E0046A495 /* KWK_Final_Project.xcdatamodeld in Sources */,
				073A20E82888571600FAF3B0 /* ToDo.swift in Sources */,
				073A20EA28887E9600FAF3B0 /* AddToDoViewController.swift in Sources */,
				07E6E3B62887351E0046A495 /* SceneDelegate.swift in Sources */,
				073A20E6288853AF00FAF3B0 /* ToDoTableTableViewController.swift in Sources */,
			);
			runOnlyForDeploymentPostprocessing = 0;
		};
		07E6E3C52887351F0046A495 /* Sources */ = {
			isa = PBXSourcesBuildPhase;
			buildActionMask = 2147483647;
			files = (
				07E6E3CE2887351F0046A495 /* KWK_Final_ProjectTests.swift in Sources */,
			);
			runOnlyForDeploymentPostprocessing = 0;
		};
		07E6E3D02887351F0046A495 /* Sources */ = {
			isa = PBXSourcesBuildPhase;
			buildActionMask = 2147483647;
			files = (
				07E6E3D92887351F0046A495 /* KWK_Final_ProjectUITests.swift in Sources */,
			);
			runOnlyForDeploymentPostprocessing = 0;
		};
/* End PBXSourcesBuildPhase section */

/* Begin PBXTargetDependency section */
		07E6E3CB2887351F0046A495 /* PBXTargetDependency */ = {
			isa = PBXTargetDependency;
			target = 07E6E3AF2887351E0046A495 /* KWK Final Project */;
			targetProxy = 07E6E3CA2887351F0046A495 /* PBXContainerItemProxy */;
		};
		07E6E3D62887351F0046A495 /* PBXTargetDependency */ = {
			isa = PBXTargetDependency;
			target = 07E6E3AF2887351E0046A495 /* KWK Final Project */;
			targetProxy = 07E6E3D52887351F0046A495 /* PBXContainerItemProxy */;
		};
/* End PBXTargetDependency section */

/* Begin PBXVariantGroup section */
		07E6E3B92887351E0046A495 /* Main.storyboard */ = {
			isa = PBXVariantGroup;
			children = (
				07E6E3BA2887351E0046A495 /* Base */,
			);
			name = Main.storyboard;
			sourceTree = "<group>";
		};
		07E6E3C12887351F0046A495 /* LaunchScreen.storyboard */ = {
			isa = PBXVariantGroup;
			children = (
				07E6E3C22887351F0046A495 /* Base */,
			);
			name = LaunchScreen.storyboard;
			sourceTree = "<group>";
		};
/* End PBXVariantGroup section */

/* Begin XCBuildConfiguration section */
		07E6E3DB2887351F0046A495 /* Debug */ = {
			isa = XCBuildConfiguration;
			buildSettings = {
				ALWAYS_SEARCH_USER_PATHS = NO;
				CLANG_ANALYZER_NONNULL = YES;
				CLANG_ANALYZER_NUMBER_OBJECT_CONVERSION = YES_AGGRESSIVE;
				CLANG_CXX_LANGUAGE_STANDARD = "gnu++14";
				CLANG_CXX_LIBRARY = "libc++";
				CLANG_ENABLE_MODULES = YES;
				CLANG_ENABLE_OBJC_ARC = YES;
				CLANG_ENABLE_OBJC_WEAK = YES;
				CLANG_WARN_BLOCK_CAPTURE_AUTORELEASING = YES;
				CLANG_WARN_BOOL_CONVERSION = YES;
				CLANG_WARN_COMMA = YES;
				CLANG_WARN_CONSTANT_CONVERSION = YES;
				CLANG_WARN_DEPRECATED_OBJC_IMPLEMENTATIONS = YES;
				CLANG_WARN_DIRECT_OBJC_ISA_USAGE = YES_ERROR;
				CLANG_WARN_DOCUMENTATION_COMMENTS = YES;
				CLANG_WARN_EMPTY_BODY = YES;
				CLANG_WARN_ENUM_CONVERSION = YES;
				CLANG_WARN_INFINITE_RECURSION = YES;
				CLANG_WARN_INT_CONVERSION = YES;
				CLANG_WARN_NON_LITERAL_NULL_CONVERSION = YES;
				CLANG_WARN_OBJC_IMPLICIT_RETAIN_SELF = YES;
				CLANG_WARN_OBJC_LITERAL_CONVERSION = YES;
				CLANG_WARN_OBJC_ROOT_CLASS = YES_ERROR;
				CLANG_WARN_QUOTED_INCLUDE_IN_FRAMEWORK_HEADER = YES;
				CLANG_WARN_RANGE_LOOP_ANALYSIS = YES;
				CLANG_WARN_STRICT_PROTOTYPES = YES;
				CLANG_WARN_SUSPICIOUS_MOVE = YES;
				CLANG_WARN_UNGUARDED_AVAILABILITY = YES_AGGRESSIVE;
				CLANG_WARN_UNREACHABLE_CODE = YES;
				CLANG_WARN__DUPLICATE_METHOD_MATCH = YES;
				COPY_PHASE_STRIP = NO;
				DEBUG_INFORMATION_FORMAT = dwarf;
				ENABLE_STRICT_OBJC_MSGSEND = YES;
				ENABLE_TESTABILITY = YES;
				GCC_C_LANGUAGE_STANDARD = gnu11;
				GCC_DYNAMIC_NO_PIC = NO;
				GCC_NO_COMMON_BLOCKS = YES;
				GCC_OPTIMIZATION_LEVEL = 0;
				GCC_PREPROCESSOR_DEFINITIONS = (
					"DEBUG=1",
					"$(inherited)",
				);
				GCC_WARN_64_TO_32_BIT_CONVERSION = YES;
				GCC_WARN_ABOUT_RETURN_TYPE = YES_ERROR;
				GCC_WARN_UNDECLARED_SELECTOR = YES;
				GCC_WARN_UNINITIALIZED_AUTOS = YES_AGGRESSIVE;
				GCC_WARN_UNUSED_FUNCTION = YES;
				GCC_WARN_UNUSED_VARIABLE = YES;
				IPHONEOS_DEPLOYMENT_TARGET = 14.5;
				MTL_ENABLE_DEBUG_INFO = INCLUDE_SOURCE;
				MTL_FAST_MATH = YES;
				ONLY_ACTIVE_ARCH = YES;
				SDKROOT = iphoneos;
				SWIFT_ACTIVE_COMPILATION_CONDITIONS = DEBUG;
				SWIFT_OPTIMIZATION_LEVEL = "-Onone";
			};
			name = Debug;
		};
		07E6E3DC2887351F0046A495 /* Release */ = {
			isa = XCBuildConfiguration;
			buildSettings = {
				ALWAYS_SEARCH_USER_PATHS = NO;
				CLANG_ANALYZER_NONNULL = YES;
				CLANG_ANALYZER_NUMBER_OBJECT_CONVERSION = YES_AGGRESSIVE;
				CLANG_CXX_LANGUAGE_STANDARD = "gnu++14";
				CLANG_CXX_LIBRARY = "libc++";
				CLANG_ENABLE_MODULES = YES;
				CLANG_ENABLE_OBJC_ARC = YES;
				CLANG_ENABLE_OBJC_WEAK = YES;
				CLANG_WARN_BLOCK_CAPTURE_AUTORELEASING = YES;
				CLANG_WARN_BOOL_CONVERSION = YES;
				CLANG_WARN_COMMA = YES;
				CLANG_WARN_CONSTANT_CONVERSION = YES;
				CLANG_WARN_DEPRECATED_OBJC_IMPLEMENTATIONS = YES;
				CLANG_WARN_DIRECT_OBJC_ISA_USAGE = YES_ERROR;
				CLANG_WARN_DOCUMENTATION_COMMENTS = YES;
				CLANG_WARN_EMPTY_BODY = YES;
				CLANG_WARN_ENUM_CONVERSION = YES;
				CLANG_WARN_INFINITE_RECURSION = YES;
				CLANG_WARN_INT_CONVERSION = YES;
				CLANG_WARN_NON_LITERAL_NULL_CONVERSION = YES;
				CLANG_WARN_OBJC_IMPLICIT_RETAIN_SELF = YES;
				CLANG_WARN_OBJC_LITERAL_CONVERSION = YES;
				CLANG_WARN_OBJC_ROOT_CLASS = YES_ERROR;
				CLANG_WARN_QUOTED_INCLUDE_IN_FRAMEWORK_HEADER = YES;
				CLANG_WARN_RANGE_LOOP_ANALYSIS = YES;
				CLANG_WARN_STRICT_PROTOTYPES = YES;
				CLANG_WARN_SUSPICIOUS_MOVE = YES;
				CLANG_WARN_UNGUARDED_AVAILABILITY = YES_AGGRESSIVE;
				CLANG_WARN_UNREACHABLE_CODE = YES;
				CLANG_WARN__DUPLICATE_METHOD_MATCH = YES;
				COPY_PHASE_STRIP = NO;
				DEBUG_INFORMATION_FORMAT = "dwarf-with-dsym";
				ENABLE_NS_ASSERTIONS = NO;
				ENABLE_STRICT_OBJC_MSGSEND = YES;
				GCC_C_LANGUAGE_STANDARD = gnu11;
				GCC_NO_COMMON_BLOCKS = YES;
				GCC_WARN_64_TO_32_BIT_CONVERSION = YES;
				GCC_WARN_ABOUT_RETURN_TYPE = YES_ERROR;
				GCC_WARN_UNDECLARED_SELECTOR = YES;
				GCC_WARN_UNINITIALIZED_AUTOS = YES_AGGRESSIVE;
				GCC_WARN_UNUSED_FUNCTION = YES;
				GCC_WARN_UNUSED_VARIABLE = YES;
				IPHONEOS_DEPLOYMENT_TARGET = 14.5;
				MTL_ENABLE_DEBUG_INFO = NO;
				MTL_FAST_MATH = YES;
				SDKROOT = iphoneos;
				SWIFT_COMPILATION_MODE = wholemodule;
				SWIFT_OPTIMIZATION_LEVEL = "-O";
				VALIDATE_PRODUCT = YES;
			};
			name = Release;
		};
		07E6E3DE2887351F0046A495 /* Debug */ = {
			isa = XCBuildConfiguration;
			buildSettings = {
				ASSETCATALOG_COMPILER_APPICON_NAME = AppIcon;
				ASSETCATALOG_COMPILER_GLOBAL_ACCENT_COLOR_NAME = AccentColor;
				CODE_SIGN_STYLE = Automatic;
				DEVELOPMENT_TEAM = 3U9QZL4Z2U;
				INFOPLIST_FILE = "KWK Final Project/Info.plist";
				LD_RUNPATH_SEARCH_PATHS = (
					"$(inherited)",
					"@executable_path/Frameworks",
				);
				PRODUCT_BUNDLE_IDENTIFIER = "felice-KWK.KWK-Final-Project";
				PRODUCT_NAME = "$(TARGET_NAME)";
				SWIFT_VERSION = 5.0;
				TARGETED_DEVICE_FAMILY = "1,2";
			};
			name = Debug;
		};
		07E6E3DF2887351F0046A495 /* Release */ = {
			isa = XCBuildConfiguration;
			buildSettings = {
				ASSETCATALOG_COMPILER_APPICON_NAME = AppIcon;
				ASSETCATALOG_COMPILER_GLOBAL_ACCENT_COLOR_NAME = AccentColor;
				CODE_SIGN_STYLE = Automatic;
				DEVELOPMENT_TEAM = 3U9QZL4Z2U;
				INFOPLIST_FILE = "KWK Final Project/Info.plist";
				LD_RUNPATH_SEARCH_PATHS = (
					"$(inherited)",
					"@executable_path/Frameworks",
				);
				PRODUCT_BUNDLE_IDENTIFIER = "felice-KWK.KWK-Final-Project";
				PRODUCT_NAME = "$(TARGET_NAME)";
				SWIFT_VERSION = 5.0;
				TARGETED_DEVICE_FAMILY = "1,2";
			};
			name = Release;
		};
		07E6E3E12887351F0046A495 /* Debug */ = {
			isa = XCBuildConfiguration;
			buildSettings = {
				ALWAYS_EMBED_SWIFT_STANDARD_LIBRARIES = YES;
				BUNDLE_LOADER = "$(TEST_HOST)";
				CODE_SIGN_STYLE = Automatic;
				DEVELOPMENT_TEAM = 3U9QZL4Z2U;
				INFOPLIST_FILE = "KWK Final ProjectTests/Info.plist";
				IPHONEOS_DEPLOYMENT_TARGET = 14.5;
				LD_RUNPATH_SEARCH_PATHS = (
					"$(inherited)",
					"@executable_path/Frameworks",
					"@loader_path/Frameworks",
				);
				PRODUCT_BUNDLE_IDENTIFIER = "felice-KWK.KWK-Final-ProjectTests";
				PRODUCT_NAME = "$(TARGET_NAME)";
				SWIFT_VERSION = 5.0;
				TARGETED_DEVICE_FAMILY = "1,2";
				TEST_HOST = "$(BUILT_PRODUCTS_DIR)/KWK Final Project.app/KWK Final Project";
			};
			name = Debug;
		};
		07E6E3E22887351F0046A495 /* Release */ = {
			isa = XCBuildConfiguration;
			buildSettings = {
				ALWAYS_EMBED_SWIFT_STANDARD_LIBRARIES = YES;
				BUNDLE_LOADER = "$(TEST_HOST)";
				CODE_SIGN_STYLE = Automatic;
				DEVELOPMENT_TEAM = 3U9QZL4Z2U;
				INFOPLIST_FILE = "KWK Final ProjectTests/Info.plist";
				IPHONEOS_DEPLOYMENT_TARGET = 14.5;
				LD_RUNPATH_SEARCH_PATHS = (
					"$(inherited)",
					"@executable_path/Frameworks",
					"@loader_path/Frameworks",
				);
				PRODUCT_BUNDLE_IDENTIFIER = "felice-KWK.KWK-Final-ProjectTests";
				PRODUCT_NAME = "$(TARGET_NAME)";
				SWIFT_VERSION = 5.0;
				TARGETED_DEVICE_FAMILY = "1,2";
				TEST_HOST = "$(BUILT_PRODUCTS_DIR)/KWK Final Project.app/KWK Final Project";
			};
			name = Release;
		};
		07E6E3E42887351F0046A495 /* Debug */ = {
			isa = XCBuildConfiguration;
			buildSettings = {
				ALWAYS_EMBED_SWIFT_STANDARD_LIBRARIES = YES;
				CODE_SIGN_STYLE = Automatic;
				DEVELOPMENT_TEAM = 3U9QZL4Z2U;
				INFOPLIST_FILE = "KWK Final ProjectUITests/Info.plist";
				LD_RUNPATH_SEARCH_PATHS = (
					"$(inherited)",
					"@executable_path/Frameworks",
					"@loader_path/Frameworks",
				);
				PRODUCT_BUNDLE_IDENTIFIER = "felice-KWK.KWK-Final-ProjectUITests";
				PRODUCT_NAME = "$(TARGET_NAME)";
				SWIFT_VERSION = 5.0;
				TARGETED_DEVICE_FAMILY = "1,2";
				TEST_TARGET_NAME = "KWK Final Project";
			};
			name = Debug;
		};
		07E6E3E52887351F0046A495 /* Release */ = {
			isa = XCBuildConfiguration;
			buildSettings = {
				ALWAYS_EMBED_SWIFT_STANDARD_LIBRARIES = YES;
				CODE_SIGN_STYLE = Automatic;
				DEVELOPMENT_TEAM = 3U9QZL4Z2U;
				INFOPLIST_FILE = "KWK Final ProjectUITests/Info.plist";
				LD_RUNPATH_SEARCH_PATHS = (
					"$(inherited)",
					"@executable_path/Frameworks",
					"@loader_path/Frameworks",
				);
				PRODUCT_BUNDLE_IDENTIFIER = "felice-KWK.KWK-Final-ProjectUITests";
				PRODUCT_NAME = "$(TARGET_NAME)";
				SWIFT_VERSION = 5.0;
				TARGETED_DEVICE_FAMILY = "1,2";
				TEST_TARGET_NAME = "KWK Final Project";
			};
			name = Release;
		};
/* End XCBuildConfiguration section */

/* Begin XCConfigurationList section */
		07E6E3AB2887351E0046A495 /* Build configuration list for PBXProject "KWK Final Project" */ = {
			isa = XCConfigurationList;
			buildConfigurations = (
				07E6E3DB2887351F0046A495 /* Debug */,
				07E6E3DC2887351F0046A495 /* Release */,
			);
			defaultConfigurationIsVisible = 0;
			defaultConfigurationName = Release;
		};
		07E6E3DD2887351F0046A495 /* Build configuration list for PBXNativeTarget "KWK Final Project" */ = {
			isa = XCConfigurationList;
			buildConfigurations = (
				07E6E3DE2887351F0046A495 /* Debug */,
				07E6E3DF2887351F0046A495 /* Release */,
			);
			defaultConfigurationIsVisible = 0;
			defaultConfigurationName = Release;
		};
		07E6E3E02887351F0046A495 /* Build configuration list for PBXNativeTarget "KWK Final ProjectTests" */ = {
			isa = XCConfigurationList;
			buildConfigurations = (
				07E6E3E12887351F0046A495 /* Debug */,
				07E6E3E22887351F0046A495 /* Release */,
			);
			defaultConfigurationIsVisible = 0;
			defaultConfigurationName = Release;
		};
		07E6E3E32887351F0046A495 /* Build configuration list for PBXNativeTarget "KWK Final ProjectUITests" */ = {
			isa = XCConfigurationList;
			buildConfigurations = (
				07E6E3E42887351F0046A495 /* Debug */,
				07E6E3E52887351F0046A495 /* Release */,
			);
			defaultConfigurationIsVisible = 0;
			defaultConfigurationName = Release;
		};
/* End XCConfigurationList section */

/* Begin XCVersionGroup section */
		07E6E3BC2887351E0046A495 /* KWK_Final_Project.xcdatamodeld */ = {
			isa = XCVersionGroup;
			children = (
				07E6E3BD2887351E0046A495 /* KWK_Final_Project.xcdatamodel */,
			);
			currentVersion = 07E6E3BD2887351E0046A495 /* KWK_Final_Project.xcdatamodel */;
			path = KWK_Final_Project.xcdatamodeld;
			sourceTree = "<group>";
			versionGroupType = wrapper.xcdatamodel;
		};
/* End XCVersionGroup section */
	};
	rootObject = 07E6E3A82887351E0046A495 /* Project object */;
}
